// !$*UTF8*$!
{
	archiveVersion = 1;
	classes = {
	};
	objectVersion = 56;
	objects = {

/* Begin PBXBuildFile section */
		57D126461668E82BB4307DE8 /* LimbVolScannerApp.swift in Sources */ = {isa = PBXBuildFile; fileRef = 1C46F317EEA3D6A8EDF62B79 /* LimbVolScannerApp.swift */; };
		A12000000000000000000001 /* ScanStateMachine.swift in Sources */ = {isa = PBXBuildFile; fileRef = A12000000000000000000002 /* ScanStateMachine.swift */; };
		A13000000000000000000001 /* LiDARFrameCapture.swift in Sources */ = {isa = PBXBuildFile; fileRef = A13000000000000000000002 /* LiDARFrameCapture.swift */; };
		A14000000000000000000001 /* WorldPointCloud.swift in Sources */ = {isa = PBXBuildFile; fileRef = A14000000000000000000002 /* WorldPointCloud.swift */; };
		A11000000000000000000001 /* ARCameraView.swift in Sources */ = {isa = PBXBuildFile; fileRef = A11000000000000000000002 /* ARCameraView.swift */; };
		A500CC42E50CFD1B4E347EFA /* LimbVolScannerTests.swift in Sources */ = {isa = PBXBuildFile; fileRef = BD2B2724852D7D6D755CA149 /* LimbVolScannerTests.swift */; };
/* End PBXBuildFile section */

/* Begin PBXContainerItemProxy section */
		632419BB7A8167FC1F5E9CA0 /* PBXContainerItemProxy */ = {
			isa = PBXContainerItemProxy;
			containerPortal = 98F54143AB4E86B28C3AFEE0 /* Project object */;
			proxyType = 1;
			remoteGlobalIDString = C13732C8E715C9BEE4FA51C9;
			remoteInfo = LimbVolScanner;
		};
/* End PBXContainerItemProxy section */

/* Begin PBXFileReference section */
		8BCD5BC4CDFDF0918087C782 /* LimbVolScanner.app */ = {isa = PBXFileReference; explicitFileType = wrapper.application; includeInIndex = 0; path = LimbVolScanner.app; sourceTree = BUILT_PRODUCTS_DIR; };
		F219C0274590DA45E4BEF1EA /* LimbVolScannerTests.xctest */ = {isa = PBXFileReference; explicitFileType = wrapper.cfbundle; includeInIndex = 0; path = LimbVolScannerTests.xctest; sourceTree = BUILT_PRODUCTS_DIR; };
		1C46F317EEA3D6A8EDF62B79 /* LimbVolScannerApp.swift */ = {isa = PBXFileReference; lastKnownFileType = sourcecode.swift; path = LimbVolScannerApp.swift; sourceTree = "<group>"; };
		A12000000000000000000002 /* ScanStateMachine.swift */ = {isa = PBXFileReference; lastKnownFileType = sourcecode.swift; path = ScanStateMachine.swift; sourceTree = "<group>"; };
		A13000000000000000000002 /* LiDARFrameCapture.swift */ = {isa = PBXFileReference; lastKnownFileType = sourcecode.swift; path = LiDARFrameCapture.swift; sourceTree = "<group>"; };
		A14000000000000000000002 /* WorldPointCloud.swift */ = {isa = PBXFileReference; lastKnownFileType = sourcecode.swift; path = WorldPointCloud.swift; sourceTree = "<group>"; };
		A11000000000000000000002 /* ARCameraView.swift */ = {isa = PBXFileReference; lastKnownFileType = sourcecode.swift; path = ARCameraView.swift; sourceTree = "<group>"; };
		BD2B2724852D7D6D755CA149 /* LimbVolScannerTests.swift */ = {isa = PBXFileReference; lastKnownFileType = sourcecode.swift; path = LimbVolScannerTests.swift; sourceTree = "<group>"; };
/* End PBXFileReference section */

/* Begin PBXFrameworksBuildPhase section */
		69BE8A4D8E4D9DA4E7DB3928 /* Frameworks */ = {isa = PBXFrameworksBuildPhase; buildActionMask = 2147483647; files = ( ); runOnlyForDeploymentPostprocessing = 0; };
		4A675AF9B1361023D153D34C /* Frameworks */ = {isa = PBXFrameworksBuildPhase; buildActionMask = 2147483647; files = ( ); runOnlyForDeploymentPostprocessing = 0; };
/* End PBXFrameworksBuildPhase section */

/* Begin PBXGroup section */
		E50290A24C49A459B43487C5 = {
			isa = PBXGroup;
			children = (
				69F8D45498D7E20DA99BB780 /* LimbVolScanner */,
				68DE481A39400A49757EB7B7 /* LimbVolScannerTests */,
				328EC33DF3954DC9B83FA285 /* Products */,
			);
			sourceTree = "<group>";
		};
		328EC33DF3954DC9B83FA285 /* Products */ = {isa = PBXGroup; children = ( 8BCD5BC4CDFDF0918087C782 /* LimbVolScanner.app */, F219C0274590DA45E4BEF1EA /* LimbVolScannerTests.xctest */, ); name = Products; sourceTree = "<group>"; };
		69F8D45498D7E20DA99BB780 /* LimbVolScanner */ = {
			isa = PBXGroup;
			children = (
				1C48CE29E4E135EE62951B22 /* App */,
				A11000000000000000000003 /* UI */,
			);
			path = LimbVolScanner;
			sourceTree = "<group>";
		};
		1C48CE29E4E135EE62951B22 /* App */ = {
			isa = PBXGroup;
			children = (
				1C46F317EEA3D6A8EDF62B79 /* LimbVolScannerApp.swift */,
				A12000000000000000000002 /* ScanStateMachine.swift */,
				A13000000000000000000002 /* LiDARFrameCapture.swift */,
				A14000000000000000000002 /* WorldPointCloud.swift */,
			);
			path = App;
			sourceTree = "<group>";
		};
		A11000000000000000000003 /* UI */ = {
			isa = PBXGroup;
			children = (
				A11000000000000000000002 /* ARCameraView.swift */,
			);
			path = UI;
			sourceTree = "<group>";
		};
		68DE481A39400A49757EB7B7 /* LimbVolScannerTests */ = {
			isa = PBXGroup;
			children = (
				BD2B2724852D7D6D755CA149 /* LimbVolScannerTests.swift */,
			);
			path = LimbVolScannerTests;
			sourceTree = "<group>";
		};
/* End PBXGroup section */

/* Begin PBXNativeTarget section */
		C13732C8E715C9BEE4FA51C9 /* LimbVolScanner */ = {
			isa = PBXNativeTarget;
			buildConfigurationList = A296CF4B7E708AB4E80076A9 /* Build configuration list for PBXNativeTarget "LimbVolScanner" */;
			buildPhases = (
				78FA0473450BEAD0DB82E3CF /* Sources */,
				69BE8A4D8E4D9DA4E7DB3928 /* Frameworks */,
				FE3A9AA62E912D99594D3F9E /* Resources */,
			);
			buildRules = ( );
			dependencies = ( );
			name = LimbVolScanner;
			productReference = 8BCD5BC4CDFDF0918087C782 /* LimbVolScanner.app */;
			productType = "com.apple.product-type.application";
		};
		64BCB755386F844C96A2A5B0 /* LimbVolScannerTests */ = {
			isa = PBXNativeTarget;
			buildConfigurationList = BBD1A4309DD6635F34F23AFF /* Build configuration list for PBXNativeTarget "LimbVolScannerTests" */;
			buildPhases = (
				404CA01F755C58722EDD73EB /* Sources */,
				4A675AF9B1361023D153D34C /* Frameworks */,
				505FFA93A7FB229B699300E7 /* Resources */,
			);
			buildRules = ( );
			dependencies = ( C3398DC1696DEBF2AC02C874 /* PBXTargetDependency */, );
			name = LimbVolScannerTests;
			productReference = F219C0274590DA45E4BEF1EA /* LimbVolScannerTests.xctest */;
			productType = "com.apple.product-type.bundle.unit-test";
		};
/* End PBXNativeTarget section */

/* Begin PBXProject section */
		98F54143AB4E86B28C3AFEE0 /* Project object */ = {
			isa = PBXProject;
			attributes = {
				BuildIndependentTargetsInParallel = 1;
				LastSwiftUpdateCheck = 1600;
				LastUpgradeCheck = 1600;
				TargetAttributes = {
					C13732C8E715C9BEE4FA51C9 = { CreatedOnToolsVersion = 16.0; };
					64BCB755386F844C96A2A5B0 = { CreatedOnToolsVersion = 16.0; TestTargetID = C13732C8E715C9BEE4FA51C9; };
				};
			};
			buildConfigurationList = 41A2CC2D5321B7BB2E956CA5 /* Build configuration list for PBXProject "LimbVolScanner" */;
			compatibilityVersion = "Xcode 14.0";
			developmentRegion = en;
			hasScannedForEncodings = 0;
			knownRegions = ( en, Base, );
			mainGroup = E50290A24C49A459B43487C5;
			productRefGroup = 328EC33DF3954DC9B83FA285 /* Products */;
			projectDirPath = "";
			projectRoot = "";
			targets = ( C13732C8E715C9BEE4FA51C9 /* LimbVolScanner */, 64BCB755386F844C96A2A5B0 /* LimbVolScannerTests */, );
		};
/* End PBXProject section */

/* Begin PBXResourcesBuildPhase section */
		FE3A9AA62E912D99594D3F9E /* Resources */ = {
			isa = PBXResourcesBuildPhase;
			buildActionMask = 2147483647;
			files = ( );
			runOnlyForDeploymentPostprocessing = 0;
		};
		505FFA93A7FB229B699300E7 /* Resources */ = {isa = PBXResourcesBuildPhase; buildActionMask = 2147483647; files = ( ); runOnlyForDeploymentPostprocessing = 0; };
/* End PBXResourcesBuildPhase section */

/* Begin PBXSourcesBuildPhase section */
		78FA0473450BEAD0DB82E3CF /* Sources */ = {
			isa = PBXSourcesBuildPhase;
			buildActionMask = 2147483647;
			files = (
				57D126461668E82BB4307DE8 /* LimbVolScannerApp.swift in Sources */,
				A12000000000000000000001 /* ScanStateMachine.swift in Sources */,
				A13000000000000000000001 /* LiDARFrameCapture.swift in Sources */,
				A14000000000000000000001 /* WorldPointCloud.swift in Sources */,
				A11000000000000000000001 /* ARCameraView.swift in Sources */,
			);
			runOnlyForDeploymentPostprocessing = 0;
		};
		404CA01F755C58722EDD73EB /* Sources */ = {
			isa = PBXSourcesBuildPhase;
			buildActionMask = 2147483647;
			files = (
				A500CC42E50CFD1B4E347EFA /* LimbVolScannerTests.swift in Sources */,
			);
			runOnlyForDeploymentPostprocessing = 0;
		};
/* End PBXSourcesBuildPhase section */

/* Begin PBXTargetDependency section */
		C3398DC1696DEBF2AC02C874 /* PBXTargetDependency */ = {isa = PBXTargetDependency; target = C13732C8E715C9BEE4FA51C9 /* LimbVolScanner */; targetProxy = 632419BB7A8167FC1F5E9CA0 /* PBXContainerItemProxy */; };
/* End PBXTargetDependency section */

/* Begin XCBuildConfiguration section */
		89E1FD6268CC0F221A2BE178 /* Debug */ = {
			isa = XCBuildConfiguration;
			buildSettings = {
				ALWAYS_SEARCH_USER_PATHS = NO;
				CLANG_ANALYZER_NONNULL = YES;
				CLANG_ANALYZER_NUMBER_OBJECT_CONVERSION = YES_AGGRESSIVE;
				CLANG_CXX_LANGUAGE_STANDARD = "gnu++20";
				CLANG_ENABLE_MODULES = YES;
				CLANG_ENABLE_OBJC_ARC = YES;
				CLANG_ENABLE_OBJC_WEAK = YES;
				CLANG_WARN_BLOCK_CAPTURE_AUTORELEASING = YES;
				CLANG_WARN_BOOL_CONVERSION = YES;
				CLANG_WARN_COMMA = YES;
				CLANG_WARN_CONSTANT_CONVERSION = YES;
				CLANG_WARN_DEPRECATED_OBJC_IMPLEMENTATIONS = YES;
				CLANG_WARN_DIRECT_OBJC_ISA_USAGE = YES_ERROR;
				CLANG_WARN_DOCUMENTATION_COMMENTS = YES;
				CLANG_WARN_EMPTY_BODY = YES;
				CLANG_WARN_ENUM_CONVERSION = YES;
				CLANG_WARN_INFINITE_RECURSION = YES;
				CLANG_WARN_INT_CONVERSION = YES;
				CLANG_WARN_NON_LITERAL_NULL_CONVERSION = YES;
				CLANG_WARN_OBJC_IMPLICIT_RETAIN_SELF = YES;
				CLANG_WARN_OBJC_LITERAL_CONVERSION = YES;
				CLANG_WARN_QUOTED_INCLUDE_IN_FRAMEWORK_HEADER = YES;
				CLANG_WARN_RANGE_LOOP_ANALYSIS = YES;
				CLANG_WARN_STRICT_PROTOTYPES = YES;
				CLANG_WARN_SUSPICIOUS_MOVE = YES;
				CLANG_WARN_UNGUARDED_AVAILABILITY = YES_AGGRESSIVE;
				CLANG_WARN_UNREACHABLE_CODE = YES;
				CLANG_WARN__DUPLICATE_METHOD_MATCH = YES;
				COPY_PHASE_STRIP = NO;
				DEBUG_INFORMATION_FORMAT = dwarf;
				ENABLE_STRICT_OBJC_MSGSEND = YES;
				ENABLE_TESTABILITY = YES;
				GCC_C_LANGUAGE_STANDARD = gnu17;
				GCC_NO_COMMON_BLOCKS = YES;
				GCC_WARN_64_TO_32_BIT_CONVERSION = YES;
				GCC_WARN_ABOUT_RETURN_TYPE = YES_ERROR;
				GCC_WARN_UNDECLARED_SELECTOR = YES;
				GCC_WARN_UNINITIALIZED_AUTOS = YES_AGGRESSIVE;
				GCC_WARN_UNUSED_FUNCTION = YES;
				GCC_WARN_UNUSED_VARIABLE = YES;
				IPHONEOS_DEPLOYMENT_TARGET = 17.0;
				LOCALIZATION_PREFERS_STRING_CATALOGS = YES;
				MTL_ENABLE_DEBUG_INFO = INCLUDE_SOURCE;
				MTL_FAST_MATH = YES;
				ONLY_ACTIVE_ARCH = YES;
				SDKROOT = iphoneos;
				SWIFT_ACTIVE_COMPILATION_CONDITIONS = DEBUG;
				SWIFT_VERSION = 5.0;
			};
			name = Debug;
		};
		E6DE6C99132752C914FEF632 /* Release */ = {
			isa = XCBuildConfiguration;
			buildSettings = {
				ALWAYS_SEARCH_USER_PATHS = NO;
				CLANG_ANALYZER_NONNULL = YES;
				CLANG_ANALYZER_NUMBER_OBJECT_CONVERSION = YES_AGGRESSIVE;
				CLANG_CXX_LANGUAGE_STANDARD = "gnu++20";
				CLANG_ENABLE_MODULES = YES;
				CLANG_ENABLE_OBJC_ARC = YES;
				CLANG_ENABLE_OBJC_WEAK = YES;
				CLANG_WARN_BLOCK_CAPTURE_AUTORELEASING = YES;
				CLANG_WARN_BOOL_CONVERSION = YES;
				CLANG_WARN_COMMA = YES;
				CLANG_WARN_CONSTANT_CONVERSION = YES;
				CLANG_WARN_DEPRECATED_OBJC_IMPLEMENTATIONS = YES;
				CLANG_WARN_DIRECT_OBJC_ISA_USAGE = YES_ERROR;
				CLANG_WARN_DOCUMENTATION_COMMENTS = YES;
				CLANG_WARN_EMPTY_BODY = YES;
				CLANG_WARN_ENUM_CONVERSION = YES;
				CLANG_WARN_INFINITE_RECURSION = YES;
				CLANG_WARN_INT_CONVERSION = YES;
				CLANG_WARN_NON_LITERAL_NULL_CONVERSION = YES;
				CLANG_WARN_OBJC_IMPLICIT_RETAIN_SELF = YES;
				CLANG_WARN_OBJC_LITERAL_CONVERSION = YES;
				CLANG_WARN_QUOTED_INCLUDE_IN_FRAMEWORK_HEADER = YES;
				CLANG_WARN_RANGE_LOOP_ANALYSIS = YES;
				CLANG_WARN_STRICT_PROTOTYPES = YES;
				CLANG_WARN_SUSPICIOUS_MOVE = YES;
				CLANG_WARN_UNGUARDED_AVAILABILITY = YES_AGGRESSIVE;
				CLANG_WARN_UNREACHABLE_CODE = YES;
				CLANG_WARN__DUPLICATE_METHOD_MATCH = YES;
				COPY_PHASE_STRIP = YES;
				DEBUG_INFORMATION_FORMAT = "dwarf-with-dsym";
				ENABLE_STRICT_OBJC_MSGSEND = YES;
				ENABLE_TESTABILITY = NO;
				GCC_C_LANGUAGE_STANDARD = gnu17;
				GCC_NO_COMMON_BLOCKS = YES;
				GCC_WARN_64_TO_32_BIT_CONVERSION = YES;
				GCC_WARN_ABOUT_RETURN_TYPE = YES_ERROR;
				GCC_WARN_UNDECLARED_SELECTOR = YES;
				GCC_WARN_UNINITIALIZED_AUTOS = YES_AGGRESSIVE;
				GCC_WARN_UNUSED_FUNCTION = YES;
				GCC_WARN_UNUSED_VARIABLE = YES;
				IPHONEOS_DEPLOYMENT_TARGET = 17.0;
				LOCALIZATION_PREFERS_STRING_CATALOGS = YES;
				MTL_ENABLE_DEBUG_INFO = NO;
				MTL_FAST_MATH = YES;
				ONLY_ACTIVE_ARCH = NO;
				SDKROOT = iphoneos;
				SWIFT_COMPILATION_MODE = wholemodule;
				SWIFT_VERSION = 5.0;
			};
			name = Release;
		};
		E9B2E96ABC5F6856F2BE79CF /* Debug */ = {
			isa = XCBuildConfiguration;
			buildSettings = {
				ASSETCATALOG_COMPILER_GLOBAL_ACCENT_COLOR_NAME = AccentColor;
				CODE_SIGN_STYLE = Automatic;
				CURRENT_PROJECT_VERSION = 9;
				DEVELOPMENT_ASSET_PATHS = "";
				DEVELOPMENT_TEAM = "";
				GENERATE_INFOPLIST_FILE = YES;
				INFOPLIST_KEY_CFBundleDisplayName = LimbVolScanner;
				INFOPLIST_KEY_NSCameraUsageDescription = "Camera access is required to show the live AR view.";
				INFOPLIST_KEY_UIApplicationSceneManifest_Generation = YES;
				INFOPLIST_KEY_UIApplicationSupportsIndirectInputEvents = YES;
				INFOPLIST_KEY_UILaunchScreen_Generation = YES;
				IPHONEOS_DEPLOYMENT_TARGET = 17.0;
				MARKETING_VERSION = 1.8;
				PRODUCT_BUNDLE_IDENTIFIER = com.example.LimbVolScanner;
				PRODUCT_NAME = LimbVolScanner;
				SWIFT_EMIT_LOC_STRINGS = YES;
				SWIFT_VERSION = 5.0;
				TARGETED_DEVICE_FAMILY = "1,2";
			};
			name = Debug;
		};
		5A8C91857F674E16E2724F47 /* Release */ = {
			isa = XCBuildConfiguration;
			buildSettings = {
				ASSETCATALOG_COMPILER_GLOBAL_ACCENT_COLOR_NAME = AccentColor;
				CODE_SIGN_STYLE = Automatic;
				CURRENT_PROJECT_VERSION = 9;
				DEVELOPMENT_ASSET_PATHS = "";
				DEVELOPMENT_TEAM = "";
				GENERATE_INFOPLIST_FILE = YES;
				INFOPLIST_KEY_CFBundleDisplayName = LimbVolScanner;
				INFOPLIST_KEY_NSCameraUsageDescription = "Camera access is required to show the live AR view.";
				INFOPLIST_KEY_UIApplicationSceneManifest_Generation = YES;
				INFOPLIST_KEY_UIApplicationSupportsIndirectInputEvents = YES;
				INFOPLIST_KEY_UILaunchScreen_Generation = YES;
				IPHONEOS_DEPLOYMENT_TARGET = 17.0;
				MARKETING_VERSION = 1.8;
				PRODUCT_BUNDLE_IDENTIFIER = com.example.LimbVolScanner;
				PRODUCT_NAME = LimbVolScanner;
				SWIFT_EMIT_LOC_STRINGS = YES;
				SWIFT_VERSION = 5.0;
				TARGETED_DEVICE_FAMILY = "1,2";
			};
			name = Release;
		};
		FCB48D8F88BCDB0ED9FADFD7 /* Debug */ = {
			isa = XCBuildConfiguration;
			buildSettings = {
				ASSETCATALOG_COMPILER_GLOBAL_ACCENT_COLOR_NAME = AccentColor;
				CODE_SIGN_STYLE = Automatic;
				CURRENT_PROJECT_VERSION = 1;
				DEVELOPMENT_ASSET_PATHS = "";
				DEVELOPMENT_TEAM = "";
				GENERATE_INFOPLIST_FILE = YES;
				INFOPLIST_KEY_CFBundleDisplayName = LimbVolScannerTests;
				IPHONEOS_DEPLOYMENT_TARGET = 17.0;
				PRODUCT_BUNDLE_IDENTIFIER = com.example.LimbVolScannerTests;
				PRODUCT_NAME = LimbVolScannerTests;
				BUNDLE_LOADER = "$(TEST_HOST)";
				TEST_HOST = "$(BUILT_PRODUCTS_DIR)/LimbVolScanner.app/$(BUNDLE_EXECUTABLE_FOLDER_PATH)/LimbVolScanner";
				SWIFT_EMIT_LOC_STRINGS = YES;
				SWIFT_VERSION = 5.0;
				TARGETED_DEVICE_FAMILY = "1,2";
			};
			name = Debug;
		};
		942EEBBACD6C88CAE7F29B29 /* Release */ = {
			isa = XCBuildConfiguration;
			buildSettings = {
				ASSETCATALOG_COMPILER_GLOBAL_ACCENT_COLOR_NAME = AccentColor;
				CODE_SIGN_STYLE = Automatic;
				CURRENT_PROJECT_VERSION = 1;
				DEVELOPMENT_ASSET_PATHS = "";
				DEVELOPMENT_TEAM = "";
				GENERATE_INFOPLIST_FILE = YES;
				INFOPLIST_KEY_CFBundleDisplayName = LimbVolScannerTests;
				IPHONEOS_DEPLOYMENT_TARGET = 17.0;
				PRODUCT_BUNDLE_IDENTIFIER = com.example.LimbVolScannerTests;
				PRODUCT_NAME = LimbVolScannerTests;
				BUNDLE_LOADER = "$(TEST_HOST)";
				TEST_HOST = "$(BUILT_PRODUCTS_DIR)/LimbVolScanner.app/$(BUNDLE_EXECUTABLE_FOLDER_PATH)/LimbVolScanner";
				SWIFT_EMIT_LOC_STRINGS = YES;
				SWIFT_VERSION = 5.0;
				TARGETED_DEVICE_FAMILY = "1,2";
			};
			name = Release;
		};
/* End XCBuildConfiguration section */

/* Begin XCConfigurationList section */
		41A2CC2D5321B7BB2E956CA5 /* Build configuration list for Project */ = {
			isa = XCConfigurationList;
			buildConfigurations = (
				89E1FD6268CC0F221A2BE178 /* Debug */,
				E6DE6C99132752C914FEF632 /* Release */,
			);
			defaultConfigurationIsVisible = 0;
			defaultConfigurationName = Release;
		};
		A296CF4B7E708AB4E80076A9 /* Build configuration list for LimbVolScanner */ = {
			isa = XCConfigurationList;
			buildConfigurations = (
				E9B2E96ABC5F6856F2BE79CF /* Debug */,
				5A8C91857F674E16E2724F47 /* Release */,
			);
			defaultConfigurationIsVisible = 0;
			defaultConfigurationName = Release;
		};
		BBD1A4309DD6635F34F23AFF /* Build configuration list for LimbVolScannerTests */ = {
			isa = XCConfigurationList;
			buildConfigurations = (
				FCB48D8F88BCDB0ED9FADFD7 /* Debug */,
				942EEBBACD6C88CAE7F29B29 /* Release */,
			);
			defaultConfigurationIsVisible = 0;
			defaultConfigurationName = Release;
		};
/* End XCConfigurationList section */

	};
	rootObject = 98F54143AB4E86B28C3AFEE0 /* Project object */;
}
